
Microsoft Visual Studio Solution File, Format Version 12.00
# Visual Studio Version 17
VisualStudioVersion = 17.11.35327.3
MinimumVisualStudioVersion = 10.0.40219.1
Project("{FAE04EC0-301F-11D3-BF4B-00C04F79EFBC}") = "CS583-App", "CS583-App\CS583-App.csproj", "{804231D5-2815-4FA5-94A7-2A2E8DD7229B}"
EndProject
Global
	GlobalSection(SolutionConfigurationPlatforms) = preSolution
		Debug|Any CPU = Debug|Any CPU
		Release|Any CPU = Release|Any CPU
	EndGlobalSection
	GlobalSection(ProjectConfigurationPlatforms) = postSolution
		{804231D5-2815-4FA5-94A7-2A2E8DD7229B}.Debug|Any CPU.ActiveCfg = Debug|Any CPU
		{804231D5-2815-4FA5-94A7-2A2E8DD7229B}.Debug|Any CPU.Build.0 = Debug|Any CPU
		{804231D5-2815-4FA5-94A7-2A2E8DD7229B}.Release|Any CPU.ActiveCfg = Release|Any CPU
		{804231D5-2815-4FA5-94A7-2A2E8DD7229B}.Release|Any CPU.Build.0 = Release|Any CPU
	EndGlobalSection
	GlobalSection(SolutionProperties) = preSolution
		HideSolutionNode = FALSE
	EndGlobalSection
	GlobalSection(ExtensibilityGlobals) = postSolution
		SolutionGuid = {17584DD9-8F03-4BC1-9147-B83627C13CE9}
	EndGlobalSection
EndGlobal
